// !$*UTF8*$!
{
	archiveVersion = 1;
	classes = {
	};
	objectVersion = 46;
	objects = {

/* Begin PBXBuildFile section */
		570A522B1E34EF9D00563365 /* MockRedditService.swift in Sources */ = {isa = PBXBuildFile; fileRef = 570A522A1E34EF9D00563365 /* MockRedditService.swift */; };
		570A522D1E34EFA800563365 /* MockRedditAuthorization.swift in Sources */ = {isa = PBXBuildFile; fileRef = 570A522C1E34EFA800563365 /* MockRedditAuthorization.swift */; };
		570A522F1E34FB2000563365 /* TestScheduler+Extensions.swift in Sources */ = {isa = PBXBuildFile; fileRef = 570A522E1E34FB2000563365 /* TestScheduler+Extensions.swift */; };
		570A52331E35235B00563365 /* RxBlocking.framework in Frameworks */ = {isa = PBXBuildFile; fileRef = 570A52321E35235A00563365 /* RxBlocking.framework */; };
		572A57A61E34E41200B577E8 /* InitialViewModelTest.swift in Sources */ = {isa = PBXBuildFile; fileRef = 572A57A51E34E41200B577E8 /* InitialViewModelTest.swift */; };
		572A57A71E34E41C00B577E8 /* InitialViewModel.swift in Sources */ = {isa = PBXBuildFile; fileRef = 57D8A7421E2A24ED00CC120E /* InitialViewModel.swift */; };
		572A57A81E34E56000B577E8 /* KeychainAccess.framework in Frameworks */ = {isa = PBXBuildFile; fileRef = 57D8A74A1E2B2F3D00CC120E /* KeychainAccess.framework */; };
		572A57A91E34E56000B577E8 /* APIKit.framework in Frameworks */ = {isa = PBXBuildFile; fileRef = 57D8A7291E29E19800CC120E /* APIKit.framework */; };
		572A57AA1E34E56000B577E8 /* Result.framework in Frameworks */ = {isa = PBXBuildFile; fileRef = 57D8A72A1E29E19800CC120E /* Result.framework */; };
		572A57AC1E34E56000B577E8 /* Himotoki.framework in Frameworks */ = {isa = PBXBuildFile; fileRef = 57D8A72C1E29E19800CC120E /* Himotoki.framework */; };
		572A57AE1E34E56000B577E8 /* RxSwift.framework in Frameworks */ = {isa = PBXBuildFile; fileRef = 57D8A72E1E29E19800CC120E /* RxSwift.framework */; };
		572A57AF1E34E56000B577E8 /* RxCocoa.framework in Frameworks */ = {isa = PBXBuildFile; fileRef = 57D8A72F1E29E19800CC120E /* RxCocoa.framework */; };
		572A57B51E34E5EE00B577E8 /* RxTest.framework in Frameworks */ = {isa = PBXBuildFile; fileRef = 572A57B01E34E5C400B577E8 /* RxTest.framework */; };
		572A57B71E34E62C00B577E8 /* RedditDefaultService.swift in Sources */ = {isa = PBXBuildFile; fileRef = 57D8A71D1E27C99400CC120E /* RedditDefaultService.swift */; };
		572A57B81E34E63B00B577E8 /* RedditDefaultAuthorization.swift in Sources */ = {isa = PBXBuildFile; fileRef = 57D8A7251E290DDB00CC120E /* RedditDefaultAuthorization.swift */; };
		572A57B91E34E64400B577E8 /* RedditUser.swift in Sources */ = {isa = PBXBuildFile; fileRef = 57D8A71F1E27CACD00CC120E /* RedditUser.swift */; };
		572A57BA1E34E64C00B577E8 /* Session+Extensions.swift in Sources */ = {isa = PBXBuildFile; fileRef = 57D8A74C1E2B309B00CC120E /* Session+Extensions.swift */; };
		572A57BB1E34E65900B577E8 /* RedditServiceConfiguration.swift in Sources */ = {isa = PBXBuildFile; fileRef = 57D8A7231E27D1BC00CC120E /* RedditServiceConfiguration.swift */; };
		572A57BC1E34E65E00B577E8 /* UserRequest.swift in Sources */ = {isa = PBXBuildFile; fileRef = 57D8A7481E2B113C00CC120E /* UserRequest.swift */; };
		572A57C01E34E66600B577E8 /* RedditAPI.swift in Sources */ = {isa = PBXBuildFile; fileRef = 57D8A7391E29F07200CC120E /* RedditAPI.swift */; };
		572A57C11E34E66600B577E8 /* RedditAPIRequest.swift in Sources */ = {isa = PBXBuildFile; fileRef = 57D8A7371E29F06200CC120E /* RedditAPIRequest.swift */; };
		572A57C21E34E66600B577E8 /* RedditCredential.swift in Sources */ = {isa = PBXBuildFile; fileRef = 57D8A73B1E29F1F900CC120E /* RedditCredential.swift */; };
		572A57C31E34E66600B577E8 /* AccessTokenRequest.swift in Sources */ = {isa = PBXBuildFile; fileRef = 57D8A73F1E2A1E5500CC120E /* AccessTokenRequest.swift */; };
		572A57C51E34E97B00B577E8 /* RedditService.swift in Sources */ = {isa = PBXBuildFile; fileRef = 572A57C41E34E97B00B577E8 /* RedditService.swift */; };
		572A57C61E34E97B00B577E8 /* RedditService.swift in Sources */ = {isa = PBXBuildFile; fileRef = 572A57C41E34E97B00B577E8 /* RedditService.swift */; };
		572A57C81E34E99500B577E8 /* RedditAuthorization.swift in Sources */ = {isa = PBXBuildFile; fileRef = 572A57C71E34E99500B577E8 /* RedditAuthorization.swift */; };
		572A57C91E34E99500B577E8 /* RedditAuthorization.swift in Sources */ = {isa = PBXBuildFile; fileRef = 572A57C71E34E99500B577E8 /* RedditAuthorization.swift */; };
		573BB56F1E3B97CB00A8BCD4 /* HotArticleListViewController.swift in Sources */ = {isa = PBXBuildFile; fileRef = 573BB56E1E3B97CB00A8BCD4 /* HotArticleListViewController.swift */; };
		573BB5711E3B97DE00A8BCD4 /* HotArticleListViewModel.swift in Sources */ = {isa = PBXBuildFile; fileRef = 573BB5701E3B97DE00A8BCD4 /* HotArticleListViewModel.swift */; };
		573BB5721E3B97DE00A8BCD4 /* HotArticleListViewModel.swift in Sources */ = {isa = PBXBuildFile; fileRef = 573BB5701E3B97DE00A8BCD4 /* HotArticleListViewModel.swift */; };
		573BB5741E3C540400A8BCD4 /* HotArticleListRequest.swift in Sources */ = {isa = PBXBuildFile; fileRef = 573BB5731E3C540400A8BCD4 /* HotArticleListRequest.swift */; };
		573BB5751E3C540400A8BCD4 /* HotArticleListRequest.swift in Sources */ = {isa = PBXBuildFile; fileRef = 573BB5731E3C540400A8BCD4 /* HotArticleListRequest.swift */; };
		573BB5771E3C543800A8BCD4 /* Article.swift in Sources */ = {isa = PBXBuildFile; fileRef = 573BB5761E3C543800A8BCD4 /* Article.swift */; };
		573BB5781E3C543800A8BCD4 /* Article.swift in Sources */ = {isa = PBXBuildFile; fileRef = 573BB5761E3C543800A8BCD4 /* Article.swift */; };
		573BB57A1E3C57B200A8BCD4 /* ListingRequest.swift in Sources */ = {isa = PBXBuildFile; fileRef = 573BB5791E3C57B200A8BCD4 /* ListingRequest.swift */; };
		573BB57B1E3C57B200A8BCD4 /* ListingRequest.swift in Sources */ = {isa = PBXBuildFile; fileRef = 573BB5791E3C57B200A8BCD4 /* ListingRequest.swift */; };
		573BB5801E3C5CDF00A8BCD4 /* ListingResponse.swift in Sources */ = {isa = PBXBuildFile; fileRef = 573BB57F1E3C5CDE00A8BCD4 /* ListingResponse.swift */; };
		573BB5811E3C5CDF00A8BCD4 /* ListingResponse.swift in Sources */ = {isa = PBXBuildFile; fileRef = 573BB57F1E3C5CDE00A8BCD4 /* ListingResponse.swift */; };
		579D0E021E3DCE4D0015C25A /* NewArticleListRequest.swift in Sources */ = {isa = PBXBuildFile; fileRef = 579D0E011E3DCE4D0015C25A /* NewArticleListRequest.swift */; };
		579D0E031E3DCE4D0015C25A /* NewArticleListRequest.swift in Sources */ = {isa = PBXBuildFile; fileRef = 579D0E011E3DCE4D0015C25A /* NewArticleListRequest.swift */; };
		579D0E051E3DCF010015C25A /* NewArticleListViewController.swift in Sources */ = {isa = PBXBuildFile; fileRef = 579D0E041E3DCF010015C25A /* NewArticleListViewController.swift */; };
		579D0E071E3DCF320015C25A /* NewArticleListViewModel.swift in Sources */ = {isa = PBXBuildFile; fileRef = 579D0E061E3DCF320015C25A /* NewArticleListViewModel.swift */; };
		579D0E081E3DCF320015C25A /* NewArticleListViewModel.swift in Sources */ = {isa = PBXBuildFile; fileRef = 579D0E061E3DCF320015C25A /* NewArticleListViewModel.swift */; };
		57D8A6F81E2681A000CC120E /* AppDelegate.swift in Sources */ = {isa = PBXBuildFile; fileRef = 57D8A6F71E2681A000CC120E /* AppDelegate.swift */; };
		57D8A6FF1E2681A000CC120E /* Main.storyboard in Resources */ = {isa = PBXBuildFile; fileRef = 57D8A6FD1E2681A000CC120E /* Main.storyboard */; };
		57D8A7011E2681A000CC120E /* Assets.xcassets in Resources */ = {isa = PBXBuildFile; fileRef = 57D8A7001E2681A000CC120E /* Assets.xcassets */; };
		57D8A7041E2681A000CC120E /* LaunchScreen.storyboard in Resources */ = {isa = PBXBuildFile; fileRef = 57D8A7021E2681A000CC120E /* LaunchScreen.storyboard */; };
		57D8A71E1E27C99400CC120E /* RedditDefaultService.swift in Sources */ = {isa = PBXBuildFile; fileRef = 57D8A71D1E27C99400CC120E /* RedditDefaultService.swift */; };
		57D8A7201E27CACE00CC120E /* RedditUser.swift in Sources */ = {isa = PBXBuildFile; fileRef = 57D8A71F1E27CACD00CC120E /* RedditUser.swift */; };
		57D8A7221E27CBB200CC120E /* InitialViewController.swift in Sources */ = {isa = PBXBuildFile; fileRef = 57D8A7211E27CBB200CC120E /* InitialViewController.swift */; };
		57D8A7241E27D1BC00CC120E /* RedditServiceConfiguration.swift in Sources */ = {isa = PBXBuildFile; fileRef = 57D8A7231E27D1BC00CC120E /* RedditServiceConfiguration.swift */; };
		57D8A7261E290DDB00CC120E /* RedditDefaultAuthorization.swift in Sources */ = {isa = PBXBuildFile; fileRef = 57D8A7251E290DDB00CC120E /* RedditDefaultAuthorization.swift */; };
		57D8A7301E29E19800CC120E /* APIKit.framework in Frameworks */ = {isa = PBXBuildFile; fileRef = 57D8A7291E29E19800CC120E /* APIKit.framework */; };
		57D8A7311E29E19800CC120E /* Result.framework in Frameworks */ = {isa = PBXBuildFile; fileRef = 57D8A72A1E29E19800CC120E /* Result.framework */; };
		57D8A7321E29E19800CC120E /* Kingfisher.framework in Frameworks */ = {isa = PBXBuildFile; fileRef = 57D8A72B1E29E19800CC120E /* Kingfisher.framework */; };
		57D8A7331E29E19800CC120E /* Himotoki.framework in Frameworks */ = {isa = PBXBuildFile; fileRef = 57D8A72C1E29E19800CC120E /* Himotoki.framework */; };
		57D8A7341E29E19800CC120E /* Chameleon.framework in Frameworks */ = {isa = PBXBuildFile; fileRef = 57D8A72D1E29E19800CC120E /* Chameleon.framework */; };
		57D8A7351E29E19800CC120E /* RxSwift.framework in Frameworks */ = {isa = PBXBuildFile; fileRef = 57D8A72E1E29E19800CC120E /* RxSwift.framework */; };
		57D8A7361E29E19800CC120E /* RxCocoa.framework in Frameworks */ = {isa = PBXBuildFile; fileRef = 57D8A72F1E29E19800CC120E /* RxCocoa.framework */; };
		57D8A7381E29F06200CC120E /* RedditAPIRequest.swift in Sources */ = {isa = PBXBuildFile; fileRef = 57D8A7371E29F06200CC120E /* RedditAPIRequest.swift */; };
		57D8A73A1E29F07200CC120E /* RedditAPI.swift in Sources */ = {isa = PBXBuildFile; fileRef = 57D8A7391E29F07200CC120E /* RedditAPI.swift */; };
		57D8A73C1E29F1F900CC120E /* RedditCredential.swift in Sources */ = {isa = PBXBuildFile; fileRef = 57D8A73B1E29F1F900CC120E /* RedditCredential.swift */; };
		57D8A7401E2A1E5500CC120E /* AccessTokenRequest.swift in Sources */ = {isa = PBXBuildFile; fileRef = 57D8A73F1E2A1E5500CC120E /* AccessTokenRequest.swift */; };
		57D8A7431E2A24ED00CC120E /* InitialViewModel.swift in Sources */ = {isa = PBXBuildFile; fileRef = 57D8A7421E2A24ED00CC120E /* InitialViewModel.swift */; };
		57D8A7491E2B113C00CC120E /* UserRequest.swift in Sources */ = {isa = PBXBuildFile; fileRef = 57D8A7481E2B113C00CC120E /* UserRequest.swift */; };
		57D8A74B1E2B2F3D00CC120E /* KeychainAccess.framework in Frameworks */ = {isa = PBXBuildFile; fileRef = 57D8A74A1E2B2F3D00CC120E /* KeychainAccess.framework */; };
		57D8A74D1E2B309B00CC120E /* Session+Extensions.swift in Sources */ = {isa = PBXBuildFile; fileRef = 57D8A74C1E2B309B00CC120E /* Session+Extensions.swift */; };
/* End PBXBuildFile section */

/* Begin PBXContainerItemProxy section */
		57D8A70B1E2681A000CC120E /* PBXContainerItemProxy */ = {
			isa = PBXContainerItemProxy;
			containerPortal = 57D8A6EC1E2681A000CC120E /* Project object */;
			proxyType = 1;
			remoteGlobalIDString = 57D8A6F31E2681A000CC120E;
			remoteInfo = akane;
		};
/* End PBXContainerItemProxy section */

/* Begin PBXFileReference section */
		570A522A1E34EF9D00563365 /* MockRedditService.swift */ = {isa = PBXFileReference; fileEncoding = 4; lastKnownFileType = sourcecode.swift; path = MockRedditService.swift; sourceTree = "<group>"; };
		570A522C1E34EFA800563365 /* MockRedditAuthorization.swift */ = {isa = PBXFileReference; fileEncoding = 4; lastKnownFileType = sourcecode.swift; path = MockRedditAuthorization.swift; sourceTree = "<group>"; };
		570A522E1E34FB2000563365 /* TestScheduler+Extensions.swift */ = {isa = PBXFileReference; fileEncoding = 4; lastKnownFileType = sourcecode.swift; path = "TestScheduler+Extensions.swift"; sourceTree = "<group>"; };
		570A52321E35235A00563365 /* RxBlocking.framework */ = {isa = PBXFileReference; lastKnownFileType = wrapper.framework; name = RxBlocking.framework; path = Carthage/Build/iOS/RxBlocking.framework; sourceTree = "<group>"; };
		572A57A51E34E41200B577E8 /* InitialViewModelTest.swift */ = {isa = PBXFileReference; fileEncoding = 4; lastKnownFileType = sourcecode.swift; path = InitialViewModelTest.swift; sourceTree = "<group>"; };
		572A57B01E34E5C400B577E8 /* RxTest.framework */ = {isa = PBXFileReference; lastKnownFileType = wrapper.framework; name = RxTest.framework; path = Carthage/Build/iOS/RxTest.framework; sourceTree = "<group>"; };
		572A57C41E34E97B00B577E8 /* RedditService.swift */ = {isa = PBXFileReference; fileEncoding = 4; lastKnownFileType = sourcecode.swift; path = RedditService.swift; sourceTree = "<group>"; };
		572A57C71E34E99500B577E8 /* RedditAuthorization.swift */ = {isa = PBXFileReference; fileEncoding = 4; lastKnownFileType = sourcecode.swift; path = RedditAuthorization.swift; sourceTree = "<group>"; };
		573BB56E1E3B97CB00A8BCD4 /* HotArticleListViewController.swift */ = {isa = PBXFileReference; fileEncoding = 4; lastKnownFileType = sourcecode.swift; path = HotArticleListViewController.swift; sourceTree = "<group>"; };
		573BB5701E3B97DE00A8BCD4 /* HotArticleListViewModel.swift */ = {isa = PBXFileReference; fileEncoding = 4; lastKnownFileType = sourcecode.swift; path = HotArticleListViewModel.swift; sourceTree = "<group>"; };
		573BB5731E3C540400A8BCD4 /* HotArticleListRequest.swift */ = {isa = PBXFileReference; fileEncoding = 4; lastKnownFileType = sourcecode.swift; path = HotArticleListRequest.swift; sourceTree = "<group>"; };
		573BB5761E3C543800A8BCD4 /* Article.swift */ = {isa = PBXFileReference; fileEncoding = 4; lastKnownFileType = sourcecode.swift; path = Article.swift; sourceTree = "<group>"; };
		573BB5791E3C57B200A8BCD4 /* ListingRequest.swift */ = {isa = PBXFileReference; fileEncoding = 4; lastKnownFileType = sourcecode.swift; path = ListingRequest.swift; sourceTree = "<group>"; };
		573BB57F1E3C5CDE00A8BCD4 /* ListingResponse.swift */ = {isa = PBXFileReference; fileEncoding = 4; lastKnownFileType = sourcecode.swift; path = ListingResponse.swift; sourceTree = "<group>"; };
		579D0E011E3DCE4D0015C25A /* NewArticleListRequest.swift */ = {isa = PBXFileReference; fileEncoding = 4; lastKnownFileType = sourcecode.swift; path = NewArticleListRequest.swift; sourceTree = "<group>"; };
		579D0E041E3DCF010015C25A /* NewArticleListViewController.swift */ = {isa = PBXFileReference; fileEncoding = 4; lastKnownFileType = sourcecode.swift; path = NewArticleListViewController.swift; sourceTree = "<group>"; };
		579D0E061E3DCF320015C25A /* NewArticleListViewModel.swift */ = {isa = PBXFileReference; fileEncoding = 4; lastKnownFileType = sourcecode.swift; path = NewArticleListViewModel.swift; sourceTree = "<group>"; };
		57D8A6F41E2681A000CC120E /* akane.app */ = {isa = PBXFileReference; explicitFileType = wrapper.application; includeInIndex = 0; path = akane.app; sourceTree = BUILT_PRODUCTS_DIR; };
		57D8A6F71E2681A000CC120E /* AppDelegate.swift */ = {isa = PBXFileReference; lastKnownFileType = sourcecode.swift; path = AppDelegate.swift; sourceTree = "<group>"; };
		57D8A6FE1E2681A000CC120E /* Base */ = {isa = PBXFileReference; lastKnownFileType = file.storyboard; name = Base; path = Base.lproj/Main.storyboard; sourceTree = "<group>"; };
		57D8A7001E2681A000CC120E /* Assets.xcassets */ = {isa = PBXFileReference; lastKnownFileType = folder.assetcatalog; path = Assets.xcassets; sourceTree = "<group>"; };
		57D8A7031E2681A000CC120E /* Base */ = {isa = PBXFileReference; lastKnownFileType = file.storyboard; name = Base; path = Base.lproj/LaunchScreen.storyboard; sourceTree = "<group>"; };
		57D8A7051E2681A000CC120E /* Info.plist */ = {isa = PBXFileReference; lastKnownFileType = text.plist.xml; path = Info.plist; sourceTree = "<group>"; };
		57D8A70A1E2681A000CC120E /* akaneTests.xctest */ = {isa = PBXFileReference; explicitFileType = wrapper.cfbundle; includeInIndex = 0; path = akaneTests.xctest; sourceTree = BUILT_PRODUCTS_DIR; };
		57D8A7101E2681A000CC120E /* Info.plist */ = {isa = PBXFileReference; lastKnownFileType = text.plist.xml; path = Info.plist; sourceTree = "<group>"; };
		57D8A71D1E27C99400CC120E /* RedditDefaultService.swift */ = {isa = PBXFileReference; fileEncoding = 4; lastKnownFileType = sourcecode.swift; path = RedditDefaultService.swift; sourceTree = "<group>"; };
		57D8A71F1E27CACD00CC120E /* RedditUser.swift */ = {isa = PBXFileReference; fileEncoding = 4; lastKnownFileType = sourcecode.swift; path = RedditUser.swift; sourceTree = "<group>"; };
		57D8A7211E27CBB200CC120E /* InitialViewController.swift */ = {isa = PBXFileReference; fileEncoding = 4; lastKnownFileType = sourcecode.swift; path = InitialViewController.swift; sourceTree = "<group>"; };
		57D8A7231E27D1BC00CC120E /* RedditServiceConfiguration.swift */ = {isa = PBXFileReference; fileEncoding = 4; lastKnownFileType = sourcecode.swift; path = RedditServiceConfiguration.swift; sourceTree = "<group>"; };
		57D8A7251E290DDB00CC120E /* RedditDefaultAuthorization.swift */ = {isa = PBXFileReference; fileEncoding = 4; lastKnownFileType = sourcecode.swift; path = RedditDefaultAuthorization.swift; sourceTree = "<group>"; };
		57D8A7291E29E19800CC120E /* APIKit.framework */ = {isa = PBXFileReference; lastKnownFileType = wrapper.framework; name = APIKit.framework; path = Carthage/Build/iOS/APIKit.framework; sourceTree = "<group>"; };
		57D8A72A1E29E19800CC120E /* Result.framework */ = {isa = PBXFileReference; lastKnownFileType = wrapper.framework; name = Result.framework; path = Carthage/Build/iOS/Result.framework; sourceTree = "<group>"; };
		57D8A72B1E29E19800CC120E /* Kingfisher.framework */ = {isa = PBXFileReference; lastKnownFileType = wrapper.framework; name = Kingfisher.framework; path = Carthage/Build/iOS/Kingfisher.framework; sourceTree = "<group>"; };
		57D8A72C1E29E19800CC120E /* Himotoki.framework */ = {isa = PBXFileReference; lastKnownFileType = wrapper.framework; name = Himotoki.framework; path = Carthage/Build/iOS/Himotoki.framework; sourceTree = "<group>"; };
		57D8A72D1E29E19800CC120E /* Chameleon.framework */ = {isa = PBXFileReference; lastKnownFileType = wrapper.framework; name = Chameleon.framework; path = Carthage/Build/iOS/Chameleon.framework; sourceTree = "<group>"; };
		57D8A72E1E29E19800CC120E /* RxSwift.framework */ = {isa = PBXFileReference; lastKnownFileType = wrapper.framework; name = RxSwift.framework; path = Carthage/Build/iOS/RxSwift.framework; sourceTree = "<group>"; };
		57D8A72F1E29E19800CC120E /* RxCocoa.framework */ = {isa = PBXFileReference; lastKnownFileType = wrapper.framework; name = RxCocoa.framework; path = Carthage/Build/iOS/RxCocoa.framework; sourceTree = "<group>"; };
		57D8A7371E29F06200CC120E /* RedditAPIRequest.swift */ = {isa = PBXFileReference; fileEncoding = 4; lastKnownFileType = sourcecode.swift; path = RedditAPIRequest.swift; sourceTree = "<group>"; };
		57D8A7391E29F07200CC120E /* RedditAPI.swift */ = {isa = PBXFileReference; fileEncoding = 4; lastKnownFileType = sourcecode.swift; path = RedditAPI.swift; sourceTree = "<group>"; };
		57D8A73B1E29F1F900CC120E /* RedditCredential.swift */ = {isa = PBXFileReference; fileEncoding = 4; lastKnownFileType = sourcecode.swift; path = RedditCredential.swift; sourceTree = "<group>"; };
		57D8A73F1E2A1E5500CC120E /* AccessTokenRequest.swift */ = {isa = PBXFileReference; fileEncoding = 4; lastKnownFileType = sourcecode.swift; path = AccessTokenRequest.swift; sourceTree = "<group>"; };
		57D8A7421E2A24ED00CC120E /* InitialViewModel.swift */ = {isa = PBXFileReference; fileEncoding = 4; lastKnownFileType = sourcecode.swift; path = InitialViewModel.swift; sourceTree = "<group>"; };
		57D8A7481E2B113C00CC120E /* UserRequest.swift */ = {isa = PBXFileReference; fileEncoding = 4; lastKnownFileType = sourcecode.swift; path = UserRequest.swift; sourceTree = "<group>"; };
		57D8A74A1E2B2F3D00CC120E /* KeychainAccess.framework */ = {isa = PBXFileReference; lastKnownFileType = wrapper.framework; name = KeychainAccess.framework; path = Carthage/Build/iOS/KeychainAccess.framework; sourceTree = "<group>"; };
		57D8A74C1E2B309B00CC120E /* Session+Extensions.swift */ = {isa = PBXFileReference; fileEncoding = 4; lastKnownFileType = sourcecode.swift; path = "Session+Extensions.swift"; sourceTree = "<group>"; };
/* End PBXFileReference section */

/* Begin PBXFrameworksBuildPhase section */
		57D8A6F11E2681A000CC120E /* Frameworks */ = {
			isa = PBXFrameworksBuildPhase;
			buildActionMask = 2147483647;
			files = (
				57D8A74B1E2B2F3D00CC120E /* KeychainAccess.framework in Frameworks */,
				57D8A7301E29E19800CC120E /* APIKit.framework in Frameworks */,
				57D8A7311E29E19800CC120E /* Result.framework in Frameworks */,
				57D8A7321E29E19800CC120E /* Kingfisher.framework in Frameworks */,
				57D8A7331E29E19800CC120E /* Himotoki.framework in Frameworks */,
				57D8A7341E29E19800CC120E /* Chameleon.framework in Frameworks */,
				57D8A7351E29E19800CC120E /* RxSwift.framework in Frameworks */,
				57D8A7361E29E19800CC120E /* RxCocoa.framework in Frameworks */,
			);
			runOnlyForDeploymentPostprocessing = 0;
		};
		57D8A7071E2681A000CC120E /* Frameworks */ = {
			isa = PBXFrameworksBuildPhase;
			buildActionMask = 2147483647;
			files = (
				572A57AA1E34E56000B577E8 /* Result.framework in Frameworks */,
				572A57A91E34E56000B577E8 /* APIKit.framework in Frameworks */,
				572A57AE1E34E56000B577E8 /* RxSwift.framework in Frameworks */,
				570A52331E35235B00563365 /* RxBlocking.framework in Frameworks */,
				572A57AC1E34E56000B577E8 /* Himotoki.framework in Frameworks */,
				572A57AF1E34E56000B577E8 /* RxCocoa.framework in Frameworks */,
				572A57B51E34E5EE00B577E8 /* RxTest.framework in Frameworks */,
				572A57A81E34E56000B577E8 /* KeychainAccess.framework in Frameworks */,
			);
			runOnlyForDeploymentPostprocessing = 0;
		};
/* End PBXFrameworksBuildPhase section */

/* Begin PBXGroup section */
		570A52291E34EF6700563365 /* Reddit */ = {
			isa = PBXGroup;
			children = (
				570A522A1E34EF9D00563365 /* MockRedditService.swift */,
				570A522C1E34EFA800563365 /* MockRedditAuthorization.swift */,
			);
			path = Reddit;
			sourceTree = "<group>";
		};
		572A57A41E34E2D000B577E8 /* ViewModel */ = {
			isa = PBXGroup;
			children = (
				572A57A51E34E41200B577E8 /* InitialViewModelTest.swift */,
			);
			path = ViewModel;
			sourceTree = "<group>";
		};
		57D8A6EB1E2681A000CC120E = {
			isa = PBXGroup;
			children = (
				57D8A6F61E2681A000CC120E /* akane */,
				57D8A70D1E2681A000CC120E /* akaneTests */,
				57D8A7281E29E16C00CC120E /* Frameworks */,
				57D8A6F51E2681A000CC120E /* Products */,
			);
			sourceTree = "<group>";
		};
		57D8A6F51E2681A000CC120E /* Products */ = {
			isa = PBXGroup;
			children = (
				57D8A6F41E2681A000CC120E /* akane.app */,
				57D8A70A1E2681A000CC120E /* akaneTests.xctest */,
			);
			name = Products;
			sourceTree = "<group>";
		};
		57D8A6F61E2681A000CC120E /* akane */ = {
			isa = PBXGroup;
			children = (
				57D8A71B1E27C93200CC120E /* Reddit */,
				57D8A71A1E27C87300CC120E /* ViewController */,
				57D8A7411E2A24CC00CC120E /* ViewModel */,
				57D8A6F71E2681A000CC120E /* AppDelegate.swift */,
				57D8A6FD1E2681A000CC120E /* Main.storyboard */,
				57D8A7001E2681A000CC120E /* Assets.xcassets */,
				57D8A7021E2681A000CC120E /* LaunchScreen.storyboard */,
				57D8A7051E2681A000CC120E /* Info.plist */,
			);
			path = akane;
			sourceTree = "<group>";
		};
		57D8A70D1E2681A000CC120E /* akaneTests */ = {
			isa = PBXGroup;
			children = (
				570A52291E34EF6700563365 /* Reddit */,
				572A57A41E34E2D000B577E8 /* ViewModel */,
				57D8A7101E2681A000CC120E /* Info.plist */,
				570A522E1E34FB2000563365 /* TestScheduler+Extensions.swift */,
			);
			path = akaneTests;
			sourceTree = "<group>";
		};
		57D8A71A1E27C87300CC120E /* ViewController */ = {
			isa = PBXGroup;
			children = (
				57D8A7211E27CBB200CC120E /* InitialViewController.swift */,
				573BB56E1E3B97CB00A8BCD4 /* HotArticleListViewController.swift */,
				579D0E041E3DCF010015C25A /* NewArticleListViewController.swift */,
			);
			path = ViewController;
			sourceTree = "<group>";
		};
		57D8A71B1E27C93200CC120E /* Reddit */ = {
			isa = PBXGroup;
			children = (
				57D8A71C1E27C97B00CC120E /* Request */,
				57D8A7231E27D1BC00CC120E /* RedditServiceConfiguration.swift */,
				572A57C41E34E97B00B577E8 /* RedditService.swift */,
				57D8A71D1E27C99400CC120E /* RedditDefaultService.swift */,
				572A57C71E34E99500B577E8 /* RedditAuthorization.swift */,
				57D8A7251E290DDB00CC120E /* RedditDefaultAuthorization.swift */,
				57D8A73B1E29F1F900CC120E /* RedditCredential.swift */,
				57D8A71F1E27CACD00CC120E /* RedditUser.swift */,
				57D8A74C1E2B309B00CC120E /* Session+Extensions.swift */,
				573BB5761E3C543800A8BCD4 /* Article.swift */,
			);
			path = Reddit;
			sourceTree = "<group>";
		};
		57D8A71C1E27C97B00CC120E /* Request */ = {
			isa = PBXGroup;
			children = (
				57D8A7391E29F07200CC120E /* RedditAPI.swift */,
				57D8A7371E29F06200CC120E /* RedditAPIRequest.swift */,
				573BB5791E3C57B200A8BCD4 /* ListingRequest.swift */,
				573BB57F1E3C5CDE00A8BCD4 /* ListingResponse.swift */,
				57D8A73F1E2A1E5500CC120E /* AccessTokenRequest.swift */,
				57D8A7481E2B113C00CC120E /* UserRequest.swift */,
				573BB5731E3C540400A8BCD4 /* HotArticleListRequest.swift */,
				579D0E011E3DCE4D0015C25A /* NewArticleListRequest.swift */,
			);
			path = Request;
			sourceTree = "<group>";
		};
		57D8A7281E29E16C00CC120E /* Frameworks */ = {
			isa = PBXGroup;
			children = (
				57D8A74A1E2B2F3D00CC120E /* KeychainAccess.framework */,
				57D8A7291E29E19800CC120E /* APIKit.framework */,
				57D8A72A1E29E19800CC120E /* Result.framework */,
				57D8A72B1E29E19800CC120E /* Kingfisher.framework */,
				57D8A72C1E29E19800CC120E /* Himotoki.framework */,
				57D8A72D1E29E19800CC120E /* Chameleon.framework */,
				57D8A72E1E29E19800CC120E /* RxSwift.framework */,
				57D8A72F1E29E19800CC120E /* RxCocoa.framework */,
				572A57B01E34E5C400B577E8 /* RxTest.framework */,
				570A52321E35235A00563365 /* RxBlocking.framework */,
			);
			name = Frameworks;
			sourceTree = "<group>";
		};
		57D8A7411E2A24CC00CC120E /* ViewModel */ = {
			isa = PBXGroup;
			children = (
				57D8A7421E2A24ED00CC120E /* InitialViewModel.swift */,
				573BB5701E3B97DE00A8BCD4 /* HotArticleListViewModel.swift */,
				579D0E061E3DCF320015C25A /* NewArticleListViewModel.swift */,
			);
			path = ViewModel;
			sourceTree = "<group>";
		};
/* End PBXGroup section */

/* Begin PBXNativeTarget section */
		57D8A6F31E2681A000CC120E /* akane */ = {
			isa = PBXNativeTarget;
			buildConfigurationList = 57D8A7131E2681A000CC120E /* Build configuration list for PBXNativeTarget "akane" */;
			buildPhases = (
				572A57A31E34DEFC00B577E8 /* SwiftLint */,
				57D8A6F01E2681A000CC120E /* Sources */,
				57D8A6F11E2681A000CC120E /* Frameworks */,
				57D8A6F21E2681A000CC120E /* Resources */,
				57D8A7271E29E09300CC120E /* Copy Frameworks */,
			);
			buildRules = (
			);
			dependencies = (
			);
			name = akane;
			productName = akane;
			productReference = 57D8A6F41E2681A000CC120E /* akane.app */;
			productType = "com.apple.product-type.application";
		};
		57D8A7091E2681A000CC120E /* akaneTests */ = {
			isa = PBXNativeTarget;
			buildConfigurationList = 57D8A7161E2681A000CC120E /* Build configuration list for PBXNativeTarget "akaneTests" */;
			buildPhases = (
				570A52311E34FEF600563365 /* SwiftLint */,
				57D8A7061E2681A000CC120E /* Sources */,
				57D8A7071E2681A000CC120E /* Frameworks */,
				57D8A7081E2681A000CC120E /* Resources */,
				570A52301E34FE4300563365 /* Copy Frameworks */,
			);
			buildRules = (
			);
			dependencies = (
				57D8A70C1E2681A000CC120E /* PBXTargetDependency */,
			);
			name = akaneTests;
			productName = akaneTests;
			productReference = 57D8A70A1E2681A000CC120E /* akaneTests.xctest */;
			productType = "com.apple.product-type.bundle.unit-test";
		};
/* End PBXNativeTarget section */

/* Begin PBXProject section */
		57D8A6EC1E2681A000CC120E /* Project object */ = {
			isa = PBXProject;
			attributes = {
				LastSwiftUpdateCheck = 0820;
				LastUpgradeCheck = 0820;
				ORGANIZATIONNAME = slightair;
				TargetAttributes = {
					57D8A6F31E2681A000CC120E = {
						CreatedOnToolsVersion = 8.2;
						ProvisioningStyle = Automatic;
					};
					57D8A7091E2681A000CC120E = {
						CreatedOnToolsVersion = 8.2;
						LastSwiftMigration = 0820;
						ProvisioningStyle = Automatic;
						TestTargetID = 57D8A6F31E2681A000CC120E;
					};
				};
			};
			buildConfigurationList = 57D8A6EF1E2681A000CC120E /* Build configuration list for PBXProject "akane" */;
			compatibilityVersion = "Xcode 3.2";
			developmentRegion = English;
			hasScannedForEncodings = 0;
			knownRegions = (
				en,
				Base,
			);
			mainGroup = 57D8A6EB1E2681A000CC120E;
			productRefGroup = 57D8A6F51E2681A000CC120E /* Products */;
			projectDirPath = "";
			projectRoot = "";
			targets = (
				57D8A6F31E2681A000CC120E /* akane */,
				57D8A7091E2681A000CC120E /* akaneTests */,
			);
		};
/* End PBXProject section */

/* Begin PBXResourcesBuildPhase section */
		57D8A6F21E2681A000CC120E /* Resources */ = {
			isa = PBXResourcesBuildPhase;
			buildActionMask = 2147483647;
			files = (
				57D8A7041E2681A000CC120E /* LaunchScreen.storyboard in Resources */,
				57D8A7011E2681A000CC120E /* Assets.xcassets in Resources */,
				57D8A6FF1E2681A000CC120E /* Main.storyboard in Resources */,
			);
			runOnlyForDeploymentPostprocessing = 0;
		};
		57D8A7081E2681A000CC120E /* Resources */ = {
			isa = PBXResourcesBuildPhase;
			buildActionMask = 2147483647;
			files = (
			);
			runOnlyForDeploymentPostprocessing = 0;
		};
/* End PBXResourcesBuildPhase section */

/* Begin PBXShellScriptBuildPhase section */
		570A52301E34FE4300563365 /* Copy Frameworks */ = {
			isa = PBXShellScriptBuildPhase;
			buildActionMask = 2147483647;
			files = (
			);
			inputPaths = (
				"$(SRCROOT)/Carthage/Build/iOS/RxTest.framework",
				"$(SRCROOT)/Carthage/Build/iOS/RxBlocking.framework",
			);
			name = "Copy Frameworks";
			outputPaths = (
			);
			runOnlyForDeploymentPostprocessing = 0;
			shellPath = /bin/sh;
			shellScript = "if [ -e /usr/local/bin/carthage ]; then\n    /usr/local/bin/carthage copy-frameworks\nelif [ -e /opt/brew/bin/carthage ]; then\n    /opt/brew/bin/carthage copy-frameworks\nfi\n";
		};
		570A52311E34FEF600563365 /* SwiftLint */ = {
			isa = PBXShellScriptBuildPhase;
			buildActionMask = 2147483647;
			files = (
			);
			inputPaths = (
			);
			name = SwiftLint;
			outputPaths = (
			);
			runOnlyForDeploymentPostprocessing = 0;
			shellPath = /bin/sh;
			shellScript = "if which /usr/local/bin/swiftlint >/dev/null; then\n    /opt/brew/bin/swiftlint\nelif which /opt/brew/bin/swiftlint >/dev/null; then\n    /opt/brew/bin/swiftlint\nelse\n    echo \"warning: SwiftLint not installed, download from https://github.com/realm/SwiftLint\"\nfi\n";
		};
		572A57A31E34DEFC00B577E8 /* SwiftLint */ = {
			isa = PBXShellScriptBuildPhase;
			buildActionMask = 2147483647;
			files = (
			);
			inputPaths = (
			);
			name = SwiftLint;
			outputPaths = (
			);
			runOnlyForDeploymentPostprocessing = 0;
			shellPath = /bin/sh;
			shellScript = "if which /usr/local/bin/swiftlint >/dev/null; then\n    /opt/brew/bin/swiftlint\nelif which /opt/brew/bin/swiftlint >/dev/null; then\n    /opt/brew/bin/swiftlint\nelse\n    echo \"warning: SwiftLint not installed, download from https://github.com/realm/SwiftLint\"\nfi\n";
		};
		57D8A7271E29E09300CC120E /* Copy Frameworks */ = {
			isa = PBXShellScriptBuildPhase;
			buildActionMask = 2147483647;
			files = (
			);
			inputPaths = (
				"$(SRCROOT)/Carthage/Build/iOS/APIKit.framework",
				"$(SRCROOT)/Carthage/Build/iOS/Chameleon.framework",
				"$(SRCROOT)/Carthage/Build/iOS/Himotoki.framework",
				"$(SRCROOT)/Carthage/Build/iOS/Kingfisher.framework",
				"$(SRCROOT)/Carthage/Build/iOS/Result.framework",
				"$(SRCROOT)/Carthage/Build/iOS/RxCocoa.framework",
				"$(SRCROOT)/Carthage/Build/iOS/RxSwift.framework",
				"$(SRCROOT)/Carthage/Build/iOS/KeychainAccess.framework",
			);
			name = "Copy Frameworks";
			outputPaths = (
			);
			runOnlyForDeploymentPostprocessing = 0;
			shellPath = /bin/sh;
			shellScript = "if [ -e /usr/local/bin/carthage ]; then\n    /usr/local/bin/carthage copy-frameworks\nelif [ -e /opt/brew/bin/carthage ]; then\n    /opt/brew/bin/carthage copy-frameworks\nfi\n";
		};
/* End PBXShellScriptBuildPhase section */

/* Begin PBXSourcesBuildPhase section */
		57D8A6F01E2681A000CC120E /* Sources */ = {
			isa = PBXSourcesBuildPhase;
			buildActionMask = 2147483647;
			files = (
				573BB5711E3B97DE00A8BCD4 /* HotArticleListViewModel.swift in Sources */,
				573BB5801E3C5CDF00A8BCD4 /* ListingResponse.swift in Sources */,
				57D8A7201E27CACE00CC120E /* RedditUser.swift in Sources */,
				573BB5741E3C540400A8BCD4 /* HotArticleListRequest.swift in Sources */,
				57D8A7261E290DDB00CC120E /* RedditDefaultAuthorization.swift in Sources */,
				572A57C81E34E99500B577E8 /* RedditAuthorization.swift in Sources */,
				579D0E071E3DCF320015C25A /* NewArticleListViewModel.swift in Sources */,
				57D8A7491E2B113C00CC120E /* UserRequest.swift in Sources */,
				579D0E021E3DCE4D0015C25A /* NewArticleListRequest.swift in Sources */,
				57D8A74D1E2B309B00CC120E /* Session+Extensions.swift in Sources */,
				57D8A73C1E29F1F900CC120E /* RedditCredential.swift in Sources */,
				57D8A7401E2A1E5500CC120E /* AccessTokenRequest.swift in Sources */,
				57D8A6F81E2681A000CC120E /* AppDelegate.swift in Sources */,
				57D8A7241E27D1BC00CC120E /* RedditServiceConfiguration.swift in Sources */,
				573BB57A1E3C57B200A8BCD4 /* ListingRequest.swift in Sources */,
				57D8A7221E27CBB200CC120E /* InitialViewController.swift in Sources */,
				573BB56F1E3B97CB00A8BCD4 /* HotArticleListViewController.swift in Sources */,
				573BB5771E3C543800A8BCD4 /* Article.swift in Sources */,
				57D8A7381E29F06200CC120E /* RedditAPIRequest.swift in Sources */,
				572A57C51E34E97B00B577E8 /* RedditService.swift in Sources */,
				57D8A73A1E29F07200CC120E /* RedditAPI.swift in Sources */,
				57D8A7431E2A24ED00CC120E /* InitialViewModel.swift in Sources */,
				579D0E051E3DCF010015C25A /* NewArticleListViewController.swift in Sources */,
				57D8A71E1E27C99400CC120E /* RedditDefaultService.swift in Sources */,
			);
			runOnlyForDeploymentPostprocessing = 0;
		};
		57D8A7061E2681A000CC120E /* Sources */ = {
			isa = PBXSourcesBuildPhase;
			buildActionMask = 2147483647;
			files = (
				573BB5811E3C5CDF00A8BCD4 /* ListingResponse.swift in Sources */,
				572A57BB1E34E65900B577E8 /* RedditServiceConfiguration.swift in Sources */,
				572A57B91E34E64400B577E8 /* RedditUser.swift in Sources */,
				579D0E031E3DCE4D0015C25A /* NewArticleListRequest.swift in Sources */,
				572A57BC1E34E65E00B577E8 /* UserRequest.swift in Sources */,
				572A57C31E34E66600B577E8 /* AccessTokenRequest.swift in Sources */,
				579D0E081E3DCF320015C25A /* NewArticleListViewModel.swift in Sources */,
				573BB5781E3C543800A8BCD4 /* Article.swift in Sources */,
				572A57A61E34E41200B577E8 /* InitialViewModelTest.swift in Sources */,
				572A57C11E34E66600B577E8 /* RedditAPIRequest.swift in Sources */,
				572A57C21E34E66600B577E8 /* RedditCredential.swift in Sources */,
				572A57BA1E34E64C00B577E8 /* Session+Extensions.swift in Sources */,
				573BB57B1E3C57B200A8BCD4 /* ListingRequest.swift in Sources */,
				572A57B81E34E63B00B577E8 /* RedditDefaultAuthorization.swift in Sources */,
				573BB5721E3B97DE00A8BCD4 /* HotArticleListViewModel.swift in Sources */,
				572A57C91E34E99500B577E8 /* RedditAuthorization.swift in Sources */,
				573BB5751E3C540400A8BCD4 /* HotArticleListRequest.swift in Sources */,
				572A57A71E34E41C00B577E8 /* InitialViewModel.swift in Sources */,
				570A522F1E34FB2000563365 /* TestScheduler+Extensions.swift in Sources */,
				572A57B71E34E62C00B577E8 /* RedditDefaultService.swift in Sources */,
				570A522B1E34EF9D00563365 /* MockRedditService.swift in Sources */,
				572A57C61E34E97B00B577E8 /* RedditService.swift in Sources */,
				572A57C01E34E66600B577E8 /* RedditAPI.swift in Sources */,
				570A522D1E34EFA800563365 /* MockRedditAuthorization.swift in Sources */,
			);
			runOnlyForDeploymentPostprocessing = 0;
		};
/* End PBXSourcesBuildPhase section */

/* Begin PBXTargetDependency section */
		57D8A70C1E2681A000CC120E /* PBXTargetDependency */ = {
			isa = PBXTargetDependency;
			target = 57D8A6F31E2681A000CC120E /* akane */;
			targetProxy = 57D8A70B1E2681A000CC120E /* PBXContainerItemProxy */;
		};
/* End PBXTargetDependency section */

/* Begin PBXVariantGroup section */
		57D8A6FD1E2681A000CC120E /* Main.storyboard */ = {
			isa = PBXVariantGroup;
			children = (
				57D8A6FE1E2681A000CC120E /* Base */,
			);
			name = Main.storyboard;
			sourceTree = "<group>";
		};
		57D8A7021E2681A000CC120E /* LaunchScreen.storyboard */ = {
			isa = PBXVariantGroup;
			children = (
				57D8A7031E2681A000CC120E /* Base */,
			);
			name = LaunchScreen.storyboard;
			sourceTree = "<group>";
		};
/* End PBXVariantGroup section */

/* Begin XCBuildConfiguration section */
		57D8A7111E2681A000CC120E /* Debug */ = {
			isa = XCBuildConfiguration;
			buildSettings = {
				ALWAYS_SEARCH_USER_PATHS = NO;
				CLANG_ANALYZER_NONNULL = YES;
				CLANG_CXX_LANGUAGE_STANDARD = "gnu++0x";
				CLANG_CXX_LIBRARY = "libc++";
				CLANG_ENABLE_MODULES = YES;
				CLANG_ENABLE_OBJC_ARC = YES;
				CLANG_WARN_BOOL_CONVERSION = YES;
				CLANG_WARN_CONSTANT_CONVERSION = YES;
				CLANG_WARN_DIRECT_OBJC_ISA_USAGE = YES_ERROR;
				CLANG_WARN_DOCUMENTATION_COMMENTS = YES;
				CLANG_WARN_EMPTY_BODY = YES;
				CLANG_WARN_ENUM_CONVERSION = YES;
				CLANG_WARN_INFINITE_RECURSION = YES;
				CLANG_WARN_INT_CONVERSION = YES;
				CLANG_WARN_OBJC_ROOT_CLASS = YES_ERROR;
				CLANG_WARN_SUSPICIOUS_MOVE = YES;
				CLANG_WARN_UNREACHABLE_CODE = YES;
				CLANG_WARN__DUPLICATE_METHOD_MATCH = YES;
				"CODE_SIGN_IDENTITY[sdk=iphoneos*]" = "iPhone Developer";
				COPY_PHASE_STRIP = NO;
				DEBUG_INFORMATION_FORMAT = dwarf;
				ENABLE_STRICT_OBJC_MSGSEND = YES;
				ENABLE_TESTABILITY = YES;
				GCC_C_LANGUAGE_STANDARD = gnu99;
				GCC_DYNAMIC_NO_PIC = NO;
				GCC_NO_COMMON_BLOCKS = YES;
				GCC_OPTIMIZATION_LEVEL = 0;
				GCC_PREPROCESSOR_DEFINITIONS = (
					"DEBUG=1",
					"$(inherited)",
				);
				GCC_WARN_64_TO_32_BIT_CONVERSION = YES;
				GCC_WARN_ABOUT_RETURN_TYPE = YES_ERROR;
				GCC_WARN_UNDECLARED_SELECTOR = YES;
				GCC_WARN_UNINITIALIZED_AUTOS = YES_AGGRESSIVE;
				GCC_WARN_UNUSED_FUNCTION = YES;
				GCC_WARN_UNUSED_VARIABLE = YES;
				IPHONEOS_DEPLOYMENT_TARGET = 10.2;
				MTL_ENABLE_DEBUG_INFO = YES;
				ONLY_ACTIVE_ARCH = YES;
				SDKROOT = iphoneos;
				SWIFT_ACTIVE_COMPILATION_CONDITIONS = DEBUG;
				SWIFT_OPTIMIZATION_LEVEL = "-Onone";
				TARGETED_DEVICE_FAMILY = "1,2";
			};
			name = Debug;
		};
		57D8A7121E2681A000CC120E /* Release */ = {
			isa = XCBuildConfiguration;
			buildSettings = {
				ALWAYS_SEARCH_USER_PATHS = NO;
				CLANG_ANALYZER_NONNULL = YES;
				CLANG_CXX_LANGUAGE_STANDARD = "gnu++0x";
				CLANG_CXX_LIBRARY = "libc++";
				CLANG_ENABLE_MODULES = YES;
				CLANG_ENABLE_OBJC_ARC = YES;
				CLANG_WARN_BOOL_CONVERSION = YES;
				CLANG_WARN_CONSTANT_CONVERSION = YES;
				CLANG_WARN_DIRECT_OBJC_ISA_USAGE = YES_ERROR;
				CLANG_WARN_DOCUMENTATION_COMMENTS = YES;
				CLANG_WARN_EMPTY_BODY = YES;
				CLANG_WARN_ENUM_CONVERSION = YES;
				CLANG_WARN_INFINITE_RECURSION = YES;
				CLANG_WARN_INT_CONVERSION = YES;
				CLANG_WARN_OBJC_ROOT_CLASS = YES_ERROR;
				CLANG_WARN_SUSPICIOUS_MOVE = YES;
				CLANG_WARN_UNREACHABLE_CODE = YES;
				CLANG_WARN__DUPLICATE_METHOD_MATCH = YES;
				"CODE_SIGN_IDENTITY[sdk=iphoneos*]" = "iPhone Developer";
				COPY_PHASE_STRIP = NO;
				DEBUG_INFORMATION_FORMAT = "dwarf-with-dsym";
				ENABLE_NS_ASSERTIONS = NO;
				ENABLE_STRICT_OBJC_MSGSEND = YES;
				GCC_C_LANGUAGE_STANDARD = gnu99;
				GCC_NO_COMMON_BLOCKS = YES;
				GCC_WARN_64_TO_32_BIT_CONVERSION = YES;
				GCC_WARN_ABOUT_RETURN_TYPE = YES_ERROR;
				GCC_WARN_UNDECLARED_SELECTOR = YES;
				GCC_WARN_UNINITIALIZED_AUTOS = YES_AGGRESSIVE;
				GCC_WARN_UNUSED_FUNCTION = YES;
				GCC_WARN_UNUSED_VARIABLE = YES;
				IPHONEOS_DEPLOYMENT_TARGET = 10.2;
				MTL_ENABLE_DEBUG_INFO = NO;
				SDKROOT = iphoneos;
				SWIFT_OPTIMIZATION_LEVEL = "-Owholemodule";
				TARGETED_DEVICE_FAMILY = "1,2";
				VALIDATE_PRODUCT = YES;
			};
			name = Release;
		};
		57D8A7141E2681A000CC120E /* Debug */ = {
			isa = XCBuildConfiguration;
			buildSettings = {
				ASSETCATALOG_COMPILER_APPICON_NAME = AppIcon;
				FRAMEWORK_SEARCH_PATHS = (
					"$(inherited)",
					"$(PROJECT_DIR)/Carthage/Build/iOS",
				);
				INFOPLIST_FILE = akane/Info.plist;
				LD_RUNPATH_SEARCH_PATHS = "$(inherited) @executable_path/Frameworks";
				PRODUCT_BUNDLE_IDENTIFIER = cc.clv.ios.akane;
				PRODUCT_NAME = "$(TARGET_NAME)";
				SWIFT_VERSION = 3.0;
			};
			name = Debug;
		};
		57D8A7151E2681A000CC120E /* Release */ = {
			isa = XCBuildConfiguration;
			buildSettings = {
				ASSETCATALOG_COMPILER_APPICON_NAME = AppIcon;
				FRAMEWORK_SEARCH_PATHS = (
					"$(inherited)",
					"$(PROJECT_DIR)/Carthage/Build/iOS",
				);
				INFOPLIST_FILE = akane/Info.plist;
				LD_RUNPATH_SEARCH_PATHS = "$(inherited) @executable_path/Frameworks";
				PRODUCT_BUNDLE_IDENTIFIER = cc.clv.ios.akane;
				PRODUCT_NAME = "$(TARGET_NAME)";
				SWIFT_VERSION = 3.0;
			};
			name = Release;
		};
		57D8A7171E2681A000CC120E /* Debug */ = {
			isa = XCBuildConfiguration;
			buildSettings = {
				ALWAYS_EMBED_SWIFT_STANDARD_LIBRARIES = YES;
				BUNDLE_LOADER = "$(TEST_HOST)";
				CLANG_ENABLE_MODULES = YES;
				FRAMEWORK_SEARCH_PATHS = (
					"$(inherited)",
					"$(PROJECT_DIR)/Carthage/Build/iOS",
				);
				INFOPLIST_FILE = akaneTests/Info.plist;
				LD_RUNPATH_SEARCH_PATHS = "$(inherited) @executable_path/Frameworks @loader_path/Frameworks";
				PRODUCT_BUNDLE_IDENTIFIER = cc.clv.ios.akaneTests;
				PRODUCT_NAME = "$(TARGET_NAME)";
				SWIFT_OPTIMIZATION_LEVEL = "-Onone";
				SWIFT_VERSION = 3.0;
				TEST_HOST = "$(BUILT_PRODUCTS_DIR)/akane.app/akane";
			};
			name = Debug;
		};
		57D8A7181E2681A000CC120E /* Release */ = {
			isa = XCBuildConfiguration;
			buildSettings = {
				ALWAYS_EMBED_SWIFT_STANDARD_LIBRARIES = YES;
				BUNDLE_LOADER = "$(TEST_HOST)";
				CLANG_ENABLE_MODULES = YES;
				FRAMEWORK_SEARCH_PATHS = (
					"$(inherited)",
					"$(PROJECT_DIR)/Carthage/Build/iOS",
				);
				INFOPLIST_FILE = akaneTests/Info.plist;
				LD_RUNPATH_SEARCH_PATHS = "$(inherited) @executable_path/Frameworks @loader_path/Frameworks";
				PRODUCT_BUNDLE_IDENTIFIER = cc.clv.ios.akaneTests;
				PRODUCT_NAME = "$(TARGET_NAME)";
				SWIFT_VERSION = 3.0;
				TEST_HOST = "$(BUILT_PRODUCTS_DIR)/akane.app/akane";
			};
			name = Release;
		};
/* End XCBuildConfiguration section */

/* Begin XCConfigurationList section */
		57D8A6EF1E2681A000CC120E /* Build configuration list for PBXProject "akane" */ = {
			isa = XCConfigurationList;
			buildConfigurations = (
				57D8A7111E2681A000CC120E /* Debug */,
				57D8A7121E2681A000CC120E /* Release */,
			);
			defaultConfigurationIsVisible = 0;
			defaultConfigurationName = Release;
		};
		57D8A7131E2681A000CC120E /* Build configuration list for PBXNativeTarget "akane" */ = {
			isa = XCConfigurationList;
			buildConfigurations = (
				57D8A7141E2681A000CC120E /* Debug */,
				57D8A7151E2681A000CC120E /* Release */,
			);
			defaultConfigurationIsVisible = 0;
			defaultConfigurationName = Release;
		};
		57D8A7161E2681A000CC120E /* Build configuration list for PBXNativeTarget "akaneTests" */ = {
			isa = XCConfigurationList;
			buildConfigurations = (
				57D8A7171E2681A000CC120E /* Debug */,
				57D8A7181E2681A000CC120E /* Release */,
			);
			defaultConfigurationIsVisible = 0;
			defaultConfigurationName = Release;
		};
/* End XCConfigurationList section */
	};
	rootObject = 57D8A6EC1E2681A000CC120E /* Project object */;
}
